
Microsoft Visual Studio Solution File, Format Version 12.00
# Visual Studio 15
VisualStudioVersion = 15.0.28010.2019
MinimumVisualStudioVersion = 10.0.40219.1
Project("{9A19103F-16F7-4668-BE54-9A1E7A4F7556}") = "BenDan.API", "src\BenDan.API\BenDan.API.csproj", "{EA5F276F-A02A-43EA-B61B-9A7AF6A46043}"
EndProject
Project("{9A19103F-16F7-4668-BE54-9A1E7A4F7556}") = "BenDan.Repository", "src\BenDan.Repository\BenDan.Repository.csproj", "{B6A6735F-DB2D-4574-9EA4-C8CA0BFCCE12}"
EndProject
Project("{9A19103F-16F7-4668-BE54-9A1E7A4F7556}") = "BenDan.Model", "src\BenDan.Model\BenDan.Model.csproj", "{26342D17-A4D1-4E52-B85B-ADC589A69979}"
EndProject
Project("{9A19103F-16F7-4668-BE54-9A1E7A4F7556}") = "BenDan.IRepository", "src\BenDan.IRepository\BenDan.IRepository.csproj", "{885C552F-50DF-48EA-81A3-684F3B53E46D}"
EndProject
Project("{9A19103F-16F7-4668-BE54-9A1E7A4F7556}") = "BenDan.IServices", "src\BenDan.IServices\BenDan.IServices.csproj", "{32FF0526-1259-4CB6-9DEC-405E3D80D5C7}"
EndProject
Project("{9A19103F-16F7-4668-BE54-9A1E7A4F7556}") = "BenDan.Services", "src\BenDan.Services\BenDan.Services.csproj", "{96A36F13-C13C-490D-8463-C103431BDBF6}"
EndProject
Project("{9A19103F-16F7-4668-BE54-9A1E7A4F7556}") = "BenDan.Common", "src\BenDan.Common\BenDan.Common.csproj", "{DB51DD93-C7AF-4001-BC54-1F8BCC083694}"
EndProject
Project("{2150E333-8FDC-42A3-9474-1A3956D46DE8}") = "src", "src", "{BAAC1B9E-7047-4CB9-8DEB-63FE7305F3DD}"
EndProject
Project("{2150E333-8FDC-42A3-9474-1A3956D46DE8}") = "test", "test", "{F5EC7ED1-E316-42B2-B451-9926C1BA030C}"
EndProject
Project("{FAE04EC0-301F-11D3-BF4B-00C04F79EFBC}") = "BenDan.XUnit", "test\BenDan.XUnit\BenDan.XUnit.csproj", "{1E83F522-82F3-4423-A25E-4C92C005E824}"
EndProject
Global
	GlobalSection(SolutionConfigurationPlatforms) = preSolution
		Debug|Any CPU = Debug|Any CPU
		Release|Any CPU = Release|Any CPU
	EndGlobalSection
	GlobalSection(ProjectConfigurationPlatforms) = postSolution
		{EA5F276F-A02A-43EA-B61B-9A7AF6A46043}.Debug|Any CPU.ActiveCfg = Debug|Any CPU
		{EA5F276F-A02A-43EA-B61B-9A7AF6A46043}.Debug|Any CPU.Build.0 = Debug|Any CPU
		{EA5F276F-A02A-43EA-B61B-9A7AF6A46043}.Release|Any CPU.ActiveCfg = Release|Any CPU
		{EA5F276F-A02A-43EA-B61B-9A7AF6A46043}.Release|Any CPU.Build.0 = Release|Any CPU
		{B6A6735F-DB2D-4574-9EA4-C8CA0BFCCE12}.Debug|Any CPU.ActiveCfg = Debug|Any CPU
		{B6A6735F-DB2D-4574-9EA4-C8CA0BFCCE12}.Debug|Any CPU.Build.0 = Debug|Any CPU
		{B6A6735F-DB2D-4574-9EA4-C8CA0BFCCE12}.Release|Any CPU.ActiveCfg = Release|Any CPU
		{B6A6735F-DB2D-4574-9EA4-C8CA0BFCCE12}.Release|Any CPU.Build.0 = Release|Any CPU
		{26342D17-A4D1-4E52-B85B-ADC589A69979}.Debug|Any CPU.ActiveCfg = Debug|Any CPU
		{26342D17-A4D1-4E52-B85B-ADC589A69979}.Debug|Any CPU.Build.0 = Debug|Any CPU
		{26342D17-A4D1-4E52-B85B-ADC589A69979}.Release|Any CPU.ActiveCfg = Release|Any CPU
		{26342D17-A4D1-4E52-B85B-ADC589A69979}.Release|Any CPU.Build.0 = Release|Any CPU
		{885C552F-50DF-48EA-81A3-684F3B53E46D}.Debug|Any CPU.ActiveCfg = Debug|Any CPU
		{885C552F-50DF-48EA-81A3-684F3B53E46D}.Debug|Any CPU.Build.0 = Debug|Any CPU
		{885C552F-50DF-48EA-81A3-684F3B53E46D}.Release|Any CPU.ActiveCfg = Release|Any CPU
		{885C552F-50DF-48EA-81A3-684F3B53E46D}.Release|Any CPU.Build.0 = Release|Any CPU
		{32FF0526-1259-4CB6-9DEC-405E3D80D5C7}.Debug|Any CPU.ActiveCfg = Debug|Any CPU
		{32FF0526-1259-4CB6-9DEC-405E3D80D5C7}.Debug|Any CPU.Build.0 = Debug|Any CPU
		{32FF0526-1259-4CB6-9DEC-405E3D80D5C7}.Release|Any CPU.ActiveCfg = Release|Any CPU
		{32FF0526-1259-4CB6-9DEC-405E3D80D5C7}.Release|Any CPU.Build.0 = Release|Any CPU
		{96A36F13-C13C-490D-8463-C103431BDBF6}.Debug|Any CPU.ActiveCfg = Debug|Any CPU
		{96A36F13-C13C-490D-8463-C103431BDBF6}.Debug|Any CPU.Build.0 = Debug|Any CPU
		{96A36F13-C13C-490D-8463-C103431BDBF6}.Release|Any CPU.ActiveCfg = Release|Any CPU
		{96A36F13-C13C-490D-8463-C103431BDBF6}.Release|Any CPU.Build.0 = Release|Any CPU
		{DB51DD93-C7AF-4001-BC54-1F8BCC083694}.Debug|Any CPU.ActiveCfg = Debug|Any CPU
		{DB51DD93-C7AF-4001-BC54-1F8BCC083694}.Debug|Any CPU.Build.0 = Debug|Any CPU
		{DB51DD93-C7AF-4001-BC54-1F8BCC083694}.Release|Any CPU.ActiveCfg = Release|Any CPU
		{DB51DD93-C7AF-4001-BC54-1F8BCC083694}.Release|Any CPU.Build.0 = Release|Any CPU
		{1E83F522-82F3-4423-A25E-4C92C005E824}.Debug|Any CPU.ActiveCfg = Debug|Any CPU
		{1E83F522-82F3-4423-A25E-4C92C005E824}.Debug|Any CPU.Build.0 = Debug|Any CPU
		{1E83F522-82F3-4423-A25E-4C92C005E824}.Release|Any CPU.ActiveCfg = Release|Any CPU
		{1E83F522-82F3-4423-A25E-4C92C005E824}.Release|Any CPU.Build.0 = Release|Any CPU
	EndGlobalSection
	GlobalSection(SolutionProperties) = preSolution
		HideSolutionNode = FALSE
	EndGlobalSection
	GlobalSection(NestedProjects) = preSolution
		{EA5F276F-A02A-43EA-B61B-9A7AF6A46043} = {BAAC1B9E-7047-4CB9-8DEB-63FE7305F3DD}
		{B6A6735F-DB2D-4574-9EA4-C8CA0BFCCE12} = {BAAC1B9E-7047-4CB9-8DEB-63FE7305F3DD}
		{26342D17-A4D1-4E52-B85B-ADC589A69979} = {BAAC1B9E-7047-4CB9-8DEB-63FE7305F3DD}
		{885C552F-50DF-48EA-81A3-684F3B53E46D} = {BAAC1B9E-7047-4CB9-8DEB-63FE7305F3DD}
		{32FF0526-1259-4CB6-9DEC-405E3D80D5C7} = {BAAC1B9E-7047-4CB9-8DEB-63FE7305F3DD}
		{96A36F13-C13C-490D-8463-C103431BDBF6} = {BAAC1B9E-7047-4CB9-8DEB-63FE7305F3DD}
		{DB51DD93-C7AF-4001-BC54-1F8BCC083694} = {BAAC1B9E-7047-4CB9-8DEB-63FE7305F3DD}
		{1E83F522-82F3-4423-A25E-4C92C005E824} = {F5EC7ED1-E316-42B2-B451-9926C1BA030C}
	EndGlobalSection
	GlobalSection(ExtensibilityGlobals) = postSolution
		SolutionGuid = {E83FC796-2414-44D2-84D4-5B63F580929F}
	EndGlobalSection
EndGlobal
